
Microsoft Visual Studio Solution File, Format Version 12.00
# Visual Studio Version 17
VisualStudioVersion = 17.2.32519.379
MinimumVisualStudioVersion = 10.0.40219.1
Project("{FAE04EC0-301F-11D3-BF4B-00C04F79EFBC}") = "Pilas", "Pilas\Pilas.csproj", "{DE4F758B-AB09-4C3F-837F-BE85697E393A}"
EndProject
Global
	GlobalSection(SolutionConfigurationPlatforms) = preSolution
		Debug|Any CPU = Debug|Any CPU
		Release|Any CPU = Release|Any CPU
	EndGlobalSection
	GlobalSection(ProjectConfigurationPlatforms) = postSolution
		{DE4F758B-AB09-4C3F-837F-BE85697E393A}.Debug|Any CPU.ActiveCfg = Debug|Any CPU
		{DE4F758B-AB09-4C3F-837F-BE85697E393A}.Debug|Any CPU.Build.0 = Debug|Any CPU
		{DE4F758B-AB09-4C3F-837F-BE85697E393A}.Release|Any CPU.ActiveCfg = Release|Any CPU
		{DE4F758B-AB09-4C3F-837F-BE85697E393A}.Release|Any CPU.Build.0 = Release|Any CPU
	EndGlobalSection
	GlobalSection(SolutionProperties) = preSolution
		HideSolutionNode = FALSE
	EndGlobalSection
	GlobalSection(ExtensibilityGlobals) = postSolution
		SolutionGuid = {2F009D55-E562-4318-8369-158D60110181}
	EndGlobalSection
EndGlobal
